<?xml version="1.0" encoding="utf-8"?>
<Project ToolsVersion="4.0" xmlns="http://schemas.microsoft.com/developer/msbuild/2003">
  <ItemGroup>
    <ClCompile Include="main.cpp" />
    <ClCompile Include="utils.cpp" />
    <ClCompile Include="wavefront.cpp" />
    <ClCompile Include="world.cpp" />
    <ClCompile Include="tgaimage.cpp" />
    <ClCompile Include="triangle.cpp" />
  </ItemGroup>
  <ItemGroup>
    <ClInclude Include="types.h" />
    <ClInclude Include="color.h" />
    <ClInclude Include="wavefront.h" />
    <ClInclude Include="vectors.h" />
    <ClInclude Include="utils.h" />
    <ClInclude Include="triangle.h" />
    <ClInclude Include="world.h" />
    <ClInclude Include="tgaimage.h" />
    <ClInclude Include="texture.h" />
    <ClInclude Include="stretchy_buffer.h" />
  </ItemGroup>
</Project>